
Microsoft Visual Studio Solution File, Format Version 12.00
# Visual Studio Version 17
VisualStudioVersion = 17.9.34714.143
MinimumVisualStudioVersion = 10.0.40219.1
Project("{FAE04EC0-301F-11D3-BF4B-00C04F79EFBC}") = "DCIBlog.Server", "DCIBlog.Server\DCIBlog.Server.csproj", "{6700D20E-FDFE-48B5-86BD-B3F53D1B2C69}"
EndProject
Project("{54A90642-561A-4BB1-A94E-469ADEE60C69}") = "dciblog.client", "dciblog.client\dciblog.client.esproj", "{EDCA326B-BD4F-4D75-BB56-FC9E94359B83}"
EndProject
Global
	GlobalSection(SolutionConfigurationPlatforms) = preSolution
		Debug|Any CPU = Debug|Any CPU
		Release|Any CPU = Release|Any CPU
	EndGlobalSection
	GlobalSection(ProjectConfigurationPlatforms) = postSolution
		{6700D20E-FDFE-48B5-86BD-B3F53D1B2C69}.Debug|Any CPU.ActiveCfg = Debug|Any CPU
		{6700D20E-FDFE-48B5-86BD-B3F53D1B2C69}.Debug|Any CPU.Build.0 = Debug|Any CPU
		{6700D20E-FDFE-48B5-86BD-B3F53D1B2C69}.Release|Any CPU.ActiveCfg = Release|Any CPU
		{6700D20E-FDFE-48B5-86BD-B3F53D1B2C69}.Release|Any CPU.Build.0 = Release|Any CPU
		{EDCA326B-BD4F-4D75-BB56-FC9E94359B83}.Debug|Any CPU.ActiveCfg = Debug|Any CPU
		{EDCA326B-BD4F-4D75-BB56-FC9E94359B83}.Debug|Any CPU.Build.0 = Debug|Any CPU
		{EDCA326B-BD4F-4D75-BB56-FC9E94359B83}.Debug|Any CPU.Deploy.0 = Debug|Any CPU
		{EDCA326B-BD4F-4D75-BB56-FC9E94359B83}.Release|Any CPU.ActiveCfg = Release|Any CPU
		{EDCA326B-BD4F-4D75-BB56-FC9E94359B83}.Release|Any CPU.Build.0 = Release|Any CPU
		{EDCA326B-BD4F-4D75-BB56-FC9E94359B83}.Release|Any CPU.Deploy.0 = Release|Any CPU
	EndGlobalSection
	GlobalSection(SolutionProperties) = preSolution
		HideSolutionNode = FALSE
	EndGlobalSection
	GlobalSection(ExtensibilityGlobals) = postSolution
		SolutionGuid = {537DF137-09A2-4B58-86BC-61002E9B0F08}
	EndGlobalSection
EndGlobal
